
Microsoft Visual Studio Solution File, Format Version 12.00
# Visual Studio Version 16
VisualStudioVersion = 16.0.30717.126
MinimumVisualStudioVersion = 10.0.40219.1
Project("{FAE04EC0-301F-11D3-BF4B-00C04F79EFBC}") = "TextExtractor", "TextExtractor\TextExtractor.csproj", "{4BD5CF8A-CB72-4CFA-AA3A-426B7CC282A9}"
EndProject
Global
	GlobalSection(SolutionConfigurationPlatforms) = preSolution
		Debug|Any CPU = Debug|Any CPU
		Release|Any CPU = Release|Any CPU
	EndGlobalSection
	GlobalSection(ProjectConfigurationPlatforms) = postSolution
		{4BD5CF8A-CB72-4CFA-AA3A-426B7CC282A9}.Debug|Any CPU.ActiveCfg = Debug|Any CPU
		{4BD5CF8A-CB72-4CFA-AA3A-426B7CC282A9}.Debug|Any CPU.Build.0 = Debug|Any CPU
		{4BD5CF8A-CB72-4CFA-AA3A-426B7CC282A9}.Release|Any CPU.ActiveCfg = Release|Any CPU
		{4BD5CF8A-CB72-4CFA-AA3A-426B7CC282A9}.Release|Any CPU.Build.0 = Release|Any CPU
	EndGlobalSection
	GlobalSection(SolutionProperties) = preSolution
		HideSolutionNode = FALSE
	EndGlobalSection
	GlobalSection(ExtensibilityGlobals) = postSolution
		SolutionGuid = {D8CDDA6D-C871-423D-8F69-2C447092CD99}
	EndGlobalSection
EndGlobal
